// !$*UTF8*$!
{
	archiveVersion = 1;
	classes = {
	};
	objectVersion = 54;
	objects = {

/* Begin PBXBuildFile section */
		308D3BD73EAB81467953FA30 /* MachineStateTests.swift in Sources */ = {isa = PBXBuildFile; fileRef = B6C42839F3E35210C59BF84E /* MachineStateTests.swift */; };
		3FAC96D6F50669523ED2615D /* DisclaimerView.swift in Sources */ = {isa = PBXBuildFile; fileRef = B61E228100FCCF55CA103206 /* DisclaimerView.swift */; };
		650F61F3C1320AF4B2AE2E3E /* Foundation.framework in Frameworks */ = {isa = PBXBuildFile; fileRef = 0BB4AB936CEB1B9ABCACAAFD /* Foundation.framework */; };
		805D26D168CE508F3AAD4DCF /* KalmanFilterTests.swift in Sources */ = {isa = PBXBuildFile; fileRef = 45E3631DDA6414B0B5EF3562 /* KalmanFilterTests.swift */; };
		8A522DCB2A8CE9E00010E719 /* ExtendedKalmanFilter.swift in Sources */ = {isa = PBXBuildFile; fileRef = 8A522DCA2A8CE9E00010E719 /* ExtendedKalmanFilter.swift */; };
		8A522DD22A8E43390010E719 /* ReplayDeviceMotionService.swift in Sources */ = {isa = PBXBuildFile; fileRef = 8A522DD12A8E43390010E719 /* ReplayDeviceMotionService.swift */; };
		8A522DD42A9011030010E719 /* SettingsView.swift in Sources */ = {isa = PBXBuildFile; fileRef = 8A522DD32A9011030010E719 /* SettingsView.swift */; };
		8A522DDC2A93C41E0010E719 /* WinchLengthView.swift in Sources */ = {isa = PBXBuildFile; fileRef = 8A522DDB2A93C41E0010E719 /* WinchLengthView.swift */; };
		8A522DDE2A93C5430010E719 /* CGPoint+math.swift in Sources */ = {isa = PBXBuildFile; fileRef = 8A522DDD2A93C5430010E719 /* CGPoint+math.swift */; };
		8A522DE02A94DE530010E719 /* k2_apollonia_strong_wind_1.json in Resources */ = {isa = PBXBuildFile; fileRef = 8A522DDF2A94DE530010E719 /* k2_apollonia_strong_wind_1.json */; };
		8A522DE22A94E4ED0010E719 /* WinchLengthShape.swift in Sources */ = {isa = PBXBuildFile; fileRef = 8A522DE12A94E4ED0010E719 /* WinchLengthShape.swift */; };
		8A522DE42A94E5AD0010E719 /* String+interpolation.swift in Sources */ = {isa = PBXBuildFile; fileRef = 8A522DE32A94E5AD0010E719 /* String+interpolation.swift */; };
		8A522DE62A9640D60010E719 /* Color+custom.swift in Sources */ = {isa = PBXBuildFile; fileRef = 8A522DE52A9640D60010E719 /* Color+custom.swift */; };
		8A52B8532ABC4A1D004C77D4 /* Winch_Launch_UITests.swift in Sources */ = {isa = PBXBuildFile; fileRef = 8A52B8522ABC4A1D004C77D4 /* Winch_Launch_UITests.swift */; };
		8A52B85C2ABC4A3B004C77D4 /* SnapshotHelper.swift in Sources */ = {isa = PBXBuildFile; fileRef = 8A52B85B2ABC4A3B004C77D4 /* SnapshotHelper.swift */; };
		8A6BE19E25AA2B0800D3C2D9 /* HeadingIndicatorView.swift in Sources */ = {isa = PBXBuildFile; fileRef = 8A6BE19D25AA2B0800D3C2D9 /* HeadingIndicatorView.swift */; };
		8AFCD6AC2A79699C009F97FA /* AttitudeIndicatorView.swift in Sources */ = {isa = PBXBuildFile; fileRef = 8AFCD6AB2A79699C009F97FA /* AttitudeIndicatorView.swift */; };
		8AFCD6AF2A7969F9009F97FA /* Double+math.swift in Sources */ = {isa = PBXBuildFile; fileRef = 8AFCD6AE2A7969F9009F97FA /* Double+math.swift */; };
		8AFCD6B12A796A39009F97FA /* TriangleShape.swift in Sources */ = {isa = PBXBuildFile; fileRef = 8AFCD6B02A796A39009F97FA /* TriangleShape.swift */; };
		8AFCD6B32A796AAC009F97FA /* EarthShape.swift in Sources */ = {isa = PBXBuildFile; fileRef = 8AFCD6B22A796AAC009F97FA /* EarthShape.swift */; };
		8AFCD6B52A796AB3009F97FA /* SkyShape.swift in Sources */ = {isa = PBXBuildFile; fileRef = 8AFCD6B42A796AB3009F97FA /* SkyShape.swift */; };
		8AFCD6B72A7A4B22009F97FA /* MachineStateService.swift in Sources */ = {isa = PBXBuildFile; fileRef = 8AFCD6B62A7A4B22009F97FA /* MachineStateService.swift */; };
		8AFCD6BA2A7A830F009F97FA /* AHServiceViewModel.swift in Sources */ = {isa = PBXBuildFile; fileRef = 8AFCD6B92A7A830F009F97FA /* AHServiceViewModel.swift */; };
		8AFCD6BC2A7A8BB9009F97FA /* WinchLaunchView.swift in Sources */ = {isa = PBXBuildFile; fileRef = 8AFCD6BB2A7A8BB9009F97FA /* WinchLaunchView.swift */; };
		8AFCD6BE2A844E8E009F97FA /* CMAttitude+math.swift in Sources */ = {isa = PBXBuildFile; fileRef = 8AFCD6BD2A844E8E009F97FA /* CMAttitude+math.swift */; };
		8AFCD6C02A84D3EA009F97FA /* CMLogItem+date.swift in Sources */ = {isa = PBXBuildFile; fileRef = 8AFCD6BF2A84D3EA009F97FA /* CMLogItem+date.swift */; };
		8AFCD6C22A84E716009F97FA /* DataPoint.swift in Sources */ = {isa = PBXBuildFile; fileRef = 8AFCD6C12A84E716009F97FA /* DataPoint.swift */; };
		8AFCD6C42A8520C7009F97FA /* LaunchProfileView.swift in Sources */ = {isa = PBXBuildFile; fileRef = 8AFCD6C32A8520C7009F97FA /* LaunchProfileView.swift */; };
		8AFCD6C62A85447B009F97FA /* MockedDeviceMotionService.swift in Sources */ = {isa = PBXBuildFile; fileRef = 8AFCD6C52A85447B009F97FA /* MockedDeviceMotionService.swift */; };
		8AFE553F25A75D6C00EC5329 /* AHISApp.swift in Sources */ = {isa = PBXBuildFile; fileRef = 8AFE553E25A75D6C00EC5329 /* AHISApp.swift */; };
		8AFE554125A75D6C00EC5329 /* ContentView.swift in Sources */ = {isa = PBXBuildFile; fileRef = 8AFE554025A75D6C00EC5329 /* ContentView.swift */; };
		8AFE554325A75D6C00EC5329 /* Assets.xcassets in Resources */ = {isa = PBXBuildFile; fileRef = 8AFE554225A75D6C00EC5329 /* Assets.xcassets */; };
		8AFE554625A75D6C00EC5329 /* Preview Assets.xcassets in Resources */ = {isa = PBXBuildFile; fileRef = 8AFE554525A75D6C00EC5329 /* Preview Assets.xcassets */; };
		8AFE555A25A86E5400EC5329 /* DeviceMotionService.swift in Sources */ = {isa = PBXBuildFile; fileRef = 8AFE555925A86E5400EC5329 /* DeviceMotionService.swift */; };
		A3848B03A945B89297B38CF3 /* AlertsSettingsView.swift in Sources */ = {isa = PBXBuildFile; fileRef = B1A3DEF726E97081BE375B74 /* AlertsSettingsView.swift */; };
		AA000001LOCALIZE000001 /* Localizable.xcstrings in Resources */ = {isa = PBXBuildFile; fileRef = AA000002LOCALIZE000002 /* Localizable.xcstrings */; };
		AA000003LOCALIZE000003 /* InfoPlist.strings in Resources */ = {isa = PBXBuildFile; fileRef = AA000004LOCALIZE000004 /* InfoPlist.strings */; };
		F740DC3DCACE4E0BD03C4617 /* GPSFixView.swift in Sources */ = {isa = PBXBuildFile; fileRef = 303557AFA19D477A9DC5EEA1 /* GPSFixView.swift */; };
		F9AD8AED5DE9A44253E0544C /* WingDropTests.swift in Sources */ = {isa = PBXBuildFile; fileRef = 4B78C5929F3FDFAEEEE36F97 /* WingDropTests.swift */; };
/* End PBXBuildFile section */

/* Begin PBXContainerItemProxy section */
		8A52B8562ABC4A1D004C77D4 /* PBXContainerItemProxy */ = {
			isa = PBXContainerItemProxy;
			containerPortal = 8AFE553325A75D6C00EC5329 /* Project object */;
			proxyType = 1;
			remoteGlobalIDString = 8AFE553A25A75D6C00EC5329;
			remoteInfo = "Winch Launch";
		};
		E40540466038FDCD31C96FE6 /* PBXContainerItemProxy */ = {
			isa = PBXContainerItemProxy;
			containerPortal = 8AFE553325A75D6C00EC5329 /* Project object */;
			proxyType = 1;
			remoteGlobalIDString = 8AFE553A25A75D6C00EC5329;
			remoteInfo = "Winch Launch";
		};
/* End PBXContainerItemProxy section */

/* Begin PBXFileReference section */
		0BB4AB936CEB1B9ABCACAAFD /* Foundation.framework */ = {isa = PBXFileReference; lastKnownFileType = wrapper.framework; name = Foundation.framework; path = Platforms/iPhoneOS.platform/Developer/SDKs/iPhoneOS14.0.sdk/System/Library/Frameworks/Foundation.framework; sourceTree = DEVELOPER_DIR; };
		303557AFA19D477A9DC5EEA1 /* GPSFixView.swift */ = {isa = PBXFileReference; includeInIndex = 1; lastKnownFileType = sourcecode.swift; path = GPSFixView.swift; sourceTree = "<group>"; };
		45E3631DDA6414B0B5EF3562 /* KalmanFilterTests.swift */ = {isa = PBXFileReference; includeInIndex = 1; lastKnownFileType = sourcecode.swift; path = KalmanFilterTests.swift; sourceTree = "<group>"; };
		4B78C5929F3FDFAEEEE36F97 /* WingDropTests.swift */ = {isa = PBXFileReference; includeInIndex = 1; lastKnownFileType = sourcecode.swift; path = WingDropTests.swift; sourceTree = "<group>"; };
		8A522DCA2A8CE9E00010E719 /* ExtendedKalmanFilter.swift */ = {isa = PBXFileReference; lastKnownFileType = sourcecode.swift; path = ExtendedKalmanFilter.swift; sourceTree = "<group>"; };
		8A522DD12A8E43390010E719 /* ReplayDeviceMotionService.swift */ = {isa = PBXFileReference; lastKnownFileType = sourcecode.swift; path = ReplayDeviceMotionService.swift; sourceTree = "<group>"; };
		8A522DD32A9011030010E719 /* SettingsView.swift */ = {isa = PBXFileReference; lastKnownFileType = sourcecode.swift; path = SettingsView.swift; sourceTree = "<group>"; };
		8A522DDB2A93C41E0010E719 /* WinchLengthView.swift */ = {isa = PBXFileReference; lastKnownFileType = sourcecode.swift; path = WinchLengthView.swift; sourceTree = "<group>"; };
		8A522DDD2A93C5430010E719 /* CGPoint+math.swift */ = {isa = PBXFileReference; lastKnownFileType = sourcecode.swift; path = "CGPoint+math.swift"; sourceTree = "<group>"; };
		8A522DDF2A94DE530010E719 /* k2_apollonia_strong_wind_1.json */ = {isa = PBXFileReference; fileEncoding = 4; lastKnownFileType = text.json; path = k2_apollonia_strong_wind_1.json; sourceTree = "<group>"; };
		8A522DE12A94E4ED0010E719 /* WinchLengthShape.swift */ = {isa = PBXFileReference; lastKnownFileType = sourcecode.swift; path = WinchLengthShape.swift; sourceTree = "<group>"; };
		8A522DE32A94E5AD0010E719 /* String+interpolation.swift */ = {isa = PBXFileReference; lastKnownFileType = sourcecode.swift; path = "String+interpolation.swift"; sourceTree = "<group>"; };
		8A522DE52A9640D60010E719 /* Color+custom.swift */ = {isa = PBXFileReference; lastKnownFileType = sourcecode.swift; path = "Color+custom.swift"; sourceTree = "<group>"; };
		8A52B8502ABC4A1D004C77D4 /* Winch Launch UITests.xctest */ = {isa = PBXFileReference; explicitFileType = wrapper.cfbundle; includeInIndex = 0; path = "Winch Launch UITests.xctest"; sourceTree = BUILT_PRODUCTS_DIR; };
		8A52B8522ABC4A1D004C77D4 /* Winch_Launch_UITests.swift */ = {isa = PBXFileReference; lastKnownFileType = sourcecode.swift; path = Winch_Launch_UITests.swift; sourceTree = "<group>"; };
		8A52B85B2ABC4A3B004C77D4 /* SnapshotHelper.swift */ = {isa = PBXFileReference; fileEncoding = 4; lastKnownFileType = sourcecode.swift; name = SnapshotHelper.swift; path = fastlane/SnapshotHelper.swift; sourceTree = SOURCE_ROOT; };
		8A5A5FF42ABE4302002EB636 /* Snapfile */ = {isa = PBXFileReference; lastKnownFileType = text; name = Snapfile; path = fastlane/Snapfile; sourceTree = "<group>"; };
		8A6BE19D25AA2B0800D3C2D9 /* HeadingIndicatorView.swift */ = {isa = PBXFileReference; lastKnownFileType = sourcecode.swift; path = HeadingIndicatorView.swift; sourceTree = "<group>"; };
		8AFCD6AB2A79699C009F97FA /* AttitudeIndicatorView.swift */ = {isa = PBXFileReference; lastKnownFileType = sourcecode.swift; path = AttitudeIndicatorView.swift; sourceTree = "<group>"; };
		8AFCD6AE2A7969F9009F97FA /* Double+math.swift */ = {isa = PBXFileReference; lastKnownFileType = sourcecode.swift; path = "Double+math.swift"; sourceTree = "<group>"; };
		8AFCD6B02A796A39009F97FA /* TriangleShape.swift */ = {isa = PBXFileReference; lastKnownFileType = sourcecode.swift; path = TriangleShape.swift; sourceTree = "<group>"; };
		8AFCD6B22A796AAC009F97FA /* EarthShape.swift */ = {isa = PBXFileReference; lastKnownFileType = sourcecode.swift; path = EarthShape.swift; sourceTree = "<group>"; };
		8AFCD6B42A796AB3009F97FA /* SkyShape.swift */ = {isa = PBXFileReference; lastKnownFileType = sourcecode.swift; path = SkyShape.swift; sourceTree = "<group>"; };
		8AFCD6B62A7A4B22009F97FA /* MachineStateService.swift */ = {isa = PBXFileReference; lastKnownFileType = sourcecode.swift; path = MachineStateService.swift; sourceTree = "<group>"; };
		8AFCD6B92A7A830F009F97FA /* AHServiceViewModel.swift */ = {isa = PBXFileReference; lastKnownFileType = sourcecode.swift; path = AHServiceViewModel.swift; sourceTree = "<group>"; };
		8AFCD6BB2A7A8BB9009F97FA /* WinchLaunchView.swift */ = {isa = PBXFileReference; lastKnownFileType = sourcecode.swift; path = WinchLaunchView.swift; sourceTree = "<group>"; };
		8AFCD6BD2A844E8E009F97FA /* CMAttitude+math.swift */ = {isa = PBXFileReference; lastKnownFileType = sourcecode.swift; path = "CMAttitude+math.swift"; sourceTree = "<group>"; };
		8AFCD6BF2A84D3EA009F97FA /* CMLogItem+date.swift */ = {isa = PBXFileReference; lastKnownFileType = sourcecode.swift; path = "CMLogItem+date.swift"; sourceTree = "<group>"; };
		8AFCD6C12A84E716009F97FA /* DataPoint.swift */ = {isa = PBXFileReference; lastKnownFileType = sourcecode.swift; path = DataPoint.swift; sourceTree = "<group>"; };
		8AFCD6C32A8520C7009F97FA /* LaunchProfileView.swift */ = {isa = PBXFileReference; lastKnownFileType = sourcecode.swift; path = LaunchProfileView.swift; sourceTree = "<group>"; };
		8AFCD6C52A85447B009F97FA /* MockedDeviceMotionService.swift */ = {isa = PBXFileReference; lastKnownFileType = sourcecode.swift; path = MockedDeviceMotionService.swift; sourceTree = "<group>"; };
		8AFE553B25A75D6C00EC5329 /* Winch Launch.app */ = {isa = PBXFileReference; explicitFileType = wrapper.application; includeInIndex = 0; path = "Winch Launch.app"; sourceTree = BUILT_PRODUCTS_DIR; };
		8AFE553E25A75D6C00EC5329 /* AHISApp.swift */ = {isa = PBXFileReference; lastKnownFileType = sourcecode.swift; path = AHISApp.swift; sourceTree = "<group>"; };
		8AFE554025A75D6C00EC5329 /* ContentView.swift */ = {isa = PBXFileReference; lastKnownFileType = sourcecode.swift; path = ContentView.swift; sourceTree = "<group>"; };
		8AFE554225A75D6C00EC5329 /* Assets.xcassets */ = {isa = PBXFileReference; lastKnownFileType = folder.assetcatalog; path = Assets.xcassets; sourceTree = "<group>"; };
		8AFE554525A75D6C00EC5329 /* Preview Assets.xcassets */ = {isa = PBXFileReference; lastKnownFileType = folder.assetcatalog; path = "Preview Assets.xcassets"; sourceTree = "<group>"; };
		8AFE554725A75D6C00EC5329 /* Info.plist */ = {isa = PBXFileReference; lastKnownFileType = text.plist.xml; path = Info.plist; sourceTree = "<group>"; };
		8AFE555925A86E5400EC5329 /* DeviceMotionService.swift */ = {isa = PBXFileReference; lastKnownFileType = sourcecode.swift; path = DeviceMotionService.swift; sourceTree = "<group>"; };
		AA000002LOCALIZE000002 /* Localizable.xcstrings */ = {isa = PBXFileReference; lastKnownFileType = text.json.xcstrings; path = Localizable.xcstrings; sourceTree = "<group>"; };
		AA000005LOCALIZE000005 /* en */ = {isa = PBXFileReference; lastKnownFileType = text.plist.strings; name = en; path = en.lproj/InfoPlist.strings; sourceTree = "<group>"; };
		AA000006LOCALIZE000006 /* it */ = {isa = PBXFileReference; lastKnownFileType = text.plist.strings; name = it; path = it.lproj/InfoPlist.strings; sourceTree = "<group>"; };
		AA000007LOCALIZE000007 /* de */ = {isa = PBXFileReference; lastKnownFileType = text.plist.strings; name = de; path = de.lproj/InfoPlist.strings; sourceTree = "<group>"; };
		B1A3DEF726E97081BE375B74 /* AlertsSettingsView.swift */ = {isa = PBXFileReference; includeInIndex = 1; lastKnownFileType = sourcecode.swift; path = AlertsSettingsView.swift; sourceTree = "<group>"; };
		B61E228100FCCF55CA103206 /* DisclaimerView.swift */ = {isa = PBXFileReference; includeInIndex = 1; lastKnownFileType = sourcecode.swift; path = DisclaimerView.swift; sourceTree = "<group>"; };
		B6C42839F3E35210C59BF84E /* MachineStateTests.swift */ = {isa = PBXFileReference; includeInIndex = 1; lastKnownFileType = sourcecode.swift; path = MachineStateTests.swift; sourceTree = "<group>"; };
		D72059AD9F3D2540CE97E036 /* Winch Launch Tests.xctest */ = {isa = PBXFileReference; explicitFileType = wrapper.cfbundle; includeInIndex = 0; path = "Winch Launch Tests.xctest"; sourceTree = BUILT_PRODUCTS_DIR; };
/* End PBXFileReference section */

/* Begin PBXFrameworksBuildPhase section */
		01C015D57F2610C4D9A12DC6 /* Frameworks */ = {
			isa = PBXFrameworksBuildPhase;
			buildActionMask = 2147483647;
			files = (
				650F61F3C1320AF4B2AE2E3E /* Foundation.framework in Frameworks */,
			);
			runOnlyForDeploymentPostprocessing = 0;
		};
		8A52B84D2ABC4A1D004C77D4 /* Frameworks */ = {
			isa = PBXFrameworksBuildPhase;
			buildActionMask = 2147483647;
			files = (
			);
			runOnlyForDeploymentPostprocessing = 0;
		};
		8AFE553825A75D6C00EC5329 /* Frameworks */ = {
			isa = PBXFrameworksBuildPhase;
			buildActionMask = 2147483647;
			files = (
			);
			runOnlyForDeploymentPostprocessing = 0;
		};
/* End PBXFrameworksBuildPhase section */

/* Begin PBXGroup section */
		8A522DCC2A8E42250010E719 /* Dumps */ = {
			isa = PBXGroup;
			children = (
				8A522DDF2A94DE530010E719 /* k2_apollonia_strong_wind_1.json */,
			);
			path = Dumps;
			sourceTree = "<group>";
		};
		8A52B8512ABC4A1D004C77D4 /* Winch Launch UITests */ = {
			isa = PBXGroup;
			children = (
				8A52B85B2ABC4A3B004C77D4 /* SnapshotHelper.swift */,
				8A52B8522ABC4A1D004C77D4 /* Winch_Launch_UITests.swift */,
			);
			path = "Winch Launch UITests";
			sourceTree = "<group>";
		};
		8AFCD6A92A796947009F97FA /* Views */ = {
			isa = PBXGroup;
			children = (
				8AFCD6AB2A79699C009F97FA /* AttitudeIndicatorView.swift */,
				8A6BE19D25AA2B0800D3C2D9 /* HeadingIndicatorView.swift */,
				8AFCD6BB2A7A8BB9009F97FA /* WinchLaunchView.swift */,
				8AFCD6C32A8520C7009F97FA /* LaunchProfileView.swift */,
				8AFCD6B02A796A39009F97FA /* TriangleShape.swift */,
				8AFCD6B22A796AAC009F97FA /* EarthShape.swift */,
				8AFCD6B42A796AB3009F97FA /* SkyShape.swift */,
				8A522DD32A9011030010E719 /* SettingsView.swift */,
				8A522DDB2A93C41E0010E719 /* WinchLengthView.swift */,
				8A522DE12A94E4ED0010E719 /* WinchLengthShape.swift */,
				B1A3DEF726E97081BE375B74 /* AlertsSettingsView.swift */,
				B61E228100FCCF55CA103206 /* DisclaimerView.swift */,
				303557AFA19D477A9DC5EEA1 /* GPSFixView.swift */,
			);
			path = Views;
			sourceTree = "<group>";
		};
		8AFCD6AA2A79695C009F97FA /* Services */ = {
			isa = PBXGroup;
			children = (
				8AFE555925A86E5400EC5329 /* DeviceMotionService.swift */,
				8AFCD6B62A7A4B22009F97FA /* MachineStateService.swift */,
				8AFCD6C12A84E716009F97FA /* DataPoint.swift */,
				8AFCD6C52A85447B009F97FA /* MockedDeviceMotionService.swift */,
				8A522DCA2A8CE9E00010E719 /* ExtendedKalmanFilter.swift */,
				8A522DD12A8E43390010E719 /* ReplayDeviceMotionService.swift */,
			);
			path = Services;
			sourceTree = "<group>";
		};
		8AFCD6AD2A7969E2009F97FA /* Extensions */ = {
			isa = PBXGroup;
			children = (
				8AFCD6AE2A7969F9009F97FA /* Double+math.swift */,
				8AFCD6BD2A844E8E009F97FA /* CMAttitude+math.swift */,
				8AFCD6BF2A84D3EA009F97FA /* CMLogItem+date.swift */,
				8A522DDD2A93C5430010E719 /* CGPoint+math.swift */,
				8A522DE32A94E5AD0010E719 /* String+interpolation.swift */,
				8A522DE52A9640D60010E719 /* Color+custom.swift */,
			);
			path = Extensions;
			sourceTree = "<group>";
		};
		8AFCD6B82A7A82F7009F97FA /* ViewModels */ = {
			isa = PBXGroup;
			children = (
				8AFCD6B92A7A830F009F97FA /* AHServiceViewModel.swift */,
			);
			path = ViewModels;
			sourceTree = "<group>";
		};
		8AFE553225A75D6C00EC5329 = {
			isa = PBXGroup;
			children = (
				8A5A5FF42ABE4302002EB636 /* Snapfile */,
				8AFE553D25A75D6C00EC5329 /* AHIS */,
				8A52B8512ABC4A1D004C77D4 /* Winch Launch UITests */,
				8AFE553C25A75D6C00EC5329 /* Products */,
				EF691B84B74DB0CDC4EDDF92 /* Frameworks */,
				D639FDB0981A7EDBE734494D /* Winch Launch Tests */,
			);
			sourceTree = "<group>";
		};
		8AFE553C25A75D6C00EC5329 /* Products */ = {
			isa = PBXGroup;
			children = (
				8AFE553B25A75D6C00EC5329 /* Winch Launch.app */,
				8A52B8502ABC4A1D004C77D4 /* Winch Launch UITests.xctest */,
				D72059AD9F3D2540CE97E036 /* Winch Launch Tests.xctest */,
			);
			name = Products;
			sourceTree = "<group>";
		};
		8AFE553D25A75D6C00EC5329 /* AHIS */ = {
			isa = PBXGroup;
			children = (
				8A522DCC2A8E42250010E719 /* Dumps */,
				8AFCD6AD2A7969E2009F97FA /* Extensions */,
				8AFCD6AA2A79695C009F97FA /* Services */,
				8AFCD6B82A7A82F7009F97FA /* ViewModels */,
				8AFCD6A92A796947009F97FA /* Views */,
				8AFE553E25A75D6C00EC5329 /* AHISApp.swift */,
				8AFE554025A75D6C00EC5329 /* ContentView.swift */,
				8AFE554225A75D6C00EC5329 /* Assets.xcassets */,
				8AFE554725A75D6C00EC5329 /* Info.plist */,
				AA000002LOCALIZE000002 /* Localizable.xcstrings */,
				AA000004LOCALIZE000004 /* InfoPlist.strings */,
				8AFE554425A75D6C00EC5329 /* Preview Content */,
			);
			path = AHIS;
			sourceTree = "<group>";
		};
		8AFE554425A75D6C00EC5329 /* Preview Content */ = {
			isa = PBXGroup;
			children = (
				8AFE554525A75D6C00EC5329 /* Preview Assets.xcassets */,
			);
			path = "Preview Content";
			sourceTree = "<group>";
		};
		D639FDB0981A7EDBE734494D /* Winch Launch Tests */ = {
			isa = PBXGroup;
			children = (
				45E3631DDA6414B0B5EF3562 /* KalmanFilterTests.swift */,
				B6C42839F3E35210C59BF84E /* MachineStateTests.swift */,
				4B78C5929F3FDFAEEEE36F97 /* WingDropTests.swift */,
			);
			name = "Winch Launch Tests";
			path = "Winch Launch Tests";
			sourceTree = "<group>";
		};
		E21922E91365B602C24EA795 /* iOS */ = {
			isa = PBXGroup;
			children = (
				0BB4AB936CEB1B9ABCACAAFD /* Foundation.framework */,
			);
			name = iOS;
			sourceTree = "<group>";
		};
		EF691B84B74DB0CDC4EDDF92 /* Frameworks */ = {
			isa = PBXGroup;
			children = (
				E21922E91365B602C24EA795 /* iOS */,
			);
			name = Frameworks;
			sourceTree = "<group>";
		};
/* End PBXGroup section */

/* Begin PBXNativeTarget section */
		106C47BE1A832AD6EE2C4117 /* Winch Launch Tests */ = {
			isa = PBXNativeTarget;
			buildConfigurationList = 2393090BD396BBCED8B2C4B8 /* Build configuration list for PBXNativeTarget "Winch Launch Tests" */;
			buildPhases = (
				07B45040C36F12867D2FCE4D /* Sources */,
				01C015D57F2610C4D9A12DC6 /* Frameworks */,
				9819AFF3B407F340E0498ED9 /* Resources */,
			);
			buildRules = (
			);
			dependencies = (
				27445F2D2055BBC3632F43EE /* PBXTargetDependency */,
			);
			name = "Winch Launch Tests";
			productName = "Winch Launch Tests";
			productReference = D72059AD9F3D2540CE97E036 /* Winch Launch Tests.xctest */;
			productType = "com.apple.product-type.bundle.unit-test";
		};
		8A52B84F2ABC4A1D004C77D4 /* Winch Launch UITests */ = {
			isa = PBXNativeTarget;
			buildConfigurationList = 8A52B8582ABC4A1D004C77D4 /* Build configuration list for PBXNativeTarget "Winch Launch UITests" */;
			buildPhases = (
				8A52B84C2ABC4A1D004C77D4 /* Sources */,
				8A52B84D2ABC4A1D004C77D4 /* Frameworks */,
				8A52B84E2ABC4A1D004C77D4 /* Resources */,
			);
			buildRules = (
			);
			dependencies = (
				8A52B8572ABC4A1D004C77D4 /* PBXTargetDependency */,
			);
			name = "Winch Launch UITests";
			productName = "Winch Launch UITests";
			productReference = 8A52B8502ABC4A1D004C77D4 /* Winch Launch UITests.xctest */;
			productType = "com.apple.product-type.bundle.ui-testing";
		};
		8AFE553A25A75D6C00EC5329 /* Winch Launch */ = {
			isa = PBXNativeTarget;
			buildConfigurationList = 8AFE554A25A75D6C00EC5329 /* Build configuration list for PBXNativeTarget "Winch Launch" */;
			buildPhases = (
				8AFE553725A75D6C00EC5329 /* Sources */,
				8AFE553825A75D6C00EC5329 /* Frameworks */,
				8AFE553925A75D6C00EC5329 /* Resources */,
			);
			buildRules = (
			);
			dependencies = (
			);
			name = "Winch Launch";
			productName = AHIS;
			productReference = 8AFE553B25A75D6C00EC5329 /* Winch Launch.app */;
			productType = "com.apple.product-type.application";
		};
/* End PBXNativeTarget section */

/* Begin PBXProject section */
		8AFE553325A75D6C00EC5329 /* Project object */ = {
			isa = PBXProject;
			attributes = {
				BuildIndependentTargetsInParallel = YES;
				LastSwiftUpdateCheck = 1500;
				LastUpgradeCheck = 1500;
				TargetAttributes = {
					8A52B84F2ABC4A1D004C77D4 = {
						CreatedOnToolsVersion = 15.0;
						TestTargetID = 8AFE553A25A75D6C00EC5329;
					};
					8AFE553A25A75D6C00EC5329 = {
						CreatedOnToolsVersion = 12.3;
					};
				};
			};
			buildConfigurationList = 8AFE553625A75D6C00EC5329 /* Build configuration list for PBXProject "AHIS" */;
			compatibilityVersion = "Xcode 9.3";
			developmentRegion = en;
			hasScannedForEncodings = 0;
			knownRegions = (
				en,
				Base,
				it,
				de,
			);
			mainGroup = 8AFE553225A75D6C00EC5329;
			productRefGroup = 8AFE553C25A75D6C00EC5329 /* Products */;
			projectDirPath = "";
			projectRoot = "";
			targets = (
				8AFE553A25A75D6C00EC5329 /* Winch Launch */,
				8A52B84F2ABC4A1D004C77D4 /* Winch Launch UITests */,
				106C47BE1A832AD6EE2C4117 /* Winch Launch Tests */,
			);
		};
/* End PBXProject section */

/* Begin PBXResourcesBuildPhase section */
		8A52B84E2ABC4A1D004C77D4 /* Resources */ = {
			isa = PBXResourcesBuildPhase;
			buildActionMask = 2147483647;
			files = (
			);
			runOnlyForDeploymentPostprocessing = 0;
		};
		8AFE553925A75D6C00EC5329 /* Resources */ = {
			isa = PBXResourcesBuildPhase;
			buildActionMask = 2147483647;
			files = (
				8AFE554625A75D6C00EC5329 /* Preview Assets.xcassets in Resources */,
				8A522DE02A94DE530010E719 /* k2_apollonia_strong_wind_1.json in Resources */,
				8AFE554325A75D6C00EC5329 /* Assets.xcassets in Resources */,
				AA000001LOCALIZE000001 /* Localizable.xcstrings in Resources */,
				AA000003LOCALIZE000003 /* InfoPlist.strings in Resources */,
			);
			runOnlyForDeploymentPostprocessing = 0;
		};
		9819AFF3B407F340E0498ED9 /* Resources */ = {
			isa = PBXResourcesBuildPhase;
			buildActionMask = 2147483647;
			files = (
			);
			runOnlyForDeploymentPostprocessing = 0;
		};
/* End PBXResourcesBuildPhase section */

/* Begin PBXSourcesBuildPhase section */
		07B45040C36F12867D2FCE4D /* Sources */ = {
			isa = PBXSourcesBuildPhase;
			buildActionMask = 2147483647;
			files = (
				805D26D168CE508F3AAD4DCF /* KalmanFilterTests.swift in Sources */,
				308D3BD73EAB81467953FA30 /* MachineStateTests.swift in Sources */,
				F9AD8AED5DE9A44253E0544C /* WingDropTests.swift in Sources */,
			);
			runOnlyForDeploymentPostprocessing = 0;
		};
		8A52B84C2ABC4A1D004C77D4 /* Sources */ = {
			isa = PBXSourcesBuildPhase;
			buildActionMask = 2147483647;
			files = (
				8A52B8532ABC4A1D004C77D4 /* Winch_Launch_UITests.swift in Sources */,
				8A52B85C2ABC4A3B004C77D4 /* SnapshotHelper.swift in Sources */,
			);
			runOnlyForDeploymentPostprocessing = 0;
		};
		8AFE553725A75D6C00EC5329 /* Sources */ = {
			isa = PBXSourcesBuildPhase;
			buildActionMask = 2147483647;
			files = (
				8AFCD6B32A796AAC009F97FA /* EarthShape.swift in Sources */,
				8AFE554125A75D6C00EC5329 /* ContentView.swift in Sources */,
				8A6BE19E25AA2B0800D3C2D9 /* HeadingIndicatorView.swift in Sources */,
				8AFE555A25A86E5400EC5329 /* DeviceMotionService.swift in Sources */,
				8AFCD6AC2A79699C009F97FA /* AttitudeIndicatorView.swift in Sources */,
				8A522DE22A94E4ED0010E719 /* WinchLengthShape.swift in Sources */,
				8A522DD42A9011030010E719 /* SettingsView.swift in Sources */,
				8AFCD6BE2A844E8E009F97FA /* CMAttitude+math.swift in Sources */,
				8A522DD22A8E43390010E719 /* ReplayDeviceMotionService.swift in Sources */,
				8AFCD6B12A796A39009F97FA /* TriangleShape.swift in Sources */,
				8AFCD6BA2A7A830F009F97FA /* AHServiceViewModel.swift in Sources */,
				8A522DCB2A8CE9E00010E719 /* ExtendedKalmanFilter.swift in Sources */,
				8AFCD6B72A7A4B22009F97FA /* MachineStateService.swift in Sources */,
				8AFCD6C42A8520C7009F97FA /* LaunchProfileView.swift in Sources */,
				8A522DDC2A93C41E0010E719 /* WinchLengthView.swift in Sources */,
				8A522DE42A94E5AD0010E719 /* String+interpolation.swift in Sources */,
				8AFCD6B52A796AB3009F97FA /* SkyShape.swift in Sources */,
				8A522DE62A9640D60010E719 /* Color+custom.swift in Sources */,
				8AFCD6AF2A7969F9009F97FA /* Double+math.swift in Sources */,
				8A522DDE2A93C5430010E719 /* CGPoint+math.swift in Sources */,
				8AFE553F25A75D6C00EC5329 /* AHISApp.swift in Sources */,
				8AFCD6C22A84E716009F97FA /* DataPoint.swift in Sources */,
				8AFCD6C62A85447B009F97FA /* MockedDeviceMotionService.swift in Sources */,
				8AFCD6BC2A7A8BB9009F97FA /* WinchLaunchView.swift in Sources */,
				8AFCD6C02A84D3EA009F97FA /* CMLogItem+date.swift in Sources */,
				A3848B03A945B89297B38CF3 /* AlertsSettingsView.swift in Sources */,
				3FAC96D6F50669523ED2615D /* DisclaimerView.swift in Sources */,
				F740DC3DCACE4E0BD03C4617 /* GPSFixView.swift in Sources */,
			);
			runOnlyForDeploymentPostprocessing = 0;
		};
/* End PBXSourcesBuildPhase section */

/* Begin PBXTargetDependency section */
		27445F2D2055BBC3632F43EE /* PBXTargetDependency */ = {
			isa = PBXTargetDependency;
			name = "Winch Launch";
			target = 8AFE553A25A75D6C00EC5329 /* Winch Launch */;
			targetProxy = E40540466038FDCD31C96FE6 /* PBXContainerItemProxy */;
		};
		8A52B8572ABC4A1D004C77D4 /* PBXTargetDependency */ = {
			isa = PBXTargetDependency;
			target = 8AFE553A25A75D6C00EC5329 /* Winch Launch */;
			targetProxy = 8A52B8562ABC4A1D004C77D4 /* PBXContainerItemProxy */;
		};
/* End PBXTargetDependency section */

/* Begin PBXVariantGroup section */
		AA000004LOCALIZE000004 /* InfoPlist.strings */ = {
			isa = PBXVariantGroup;
			children = (
				AA000005LOCALIZE000005 /* en */,
				AA000006LOCALIZE000006 /* it */,
				AA000007LOCALIZE000007 /* de */,
			);
			name = InfoPlist.strings;
			sourceTree = "<group>";
		};
/* End PBXVariantGroup section */

/* Begin XCBuildConfiguration section */
		8A52B8592ABC4A1D004C77D4 /* Debug */ = {
			isa = XCBuildConfiguration;
			buildSettings = {
				ASSETCATALOG_COMPILER_GENERATE_SWIFT_ASSET_SYMBOL_EXTENSIONS = YES;
				CLANG_CXX_LANGUAGE_STANDARD = "gnu++20";
				CODE_SIGN_STYLE = Automatic;
				CURRENT_PROJECT_VERSION = 7;
				DEVELOPMENT_TEAM = XBC8ZV2BGE;
				GCC_C_LANGUAGE_STANDARD = gnu17;
				GENERATE_INFOPLIST_FILE = YES;
				IPHONEOS_DEPLOYMENT_TARGET = 17.0;
				LOCALIZATION_PREFERS_STRING_CATALOGS = YES;
				MARKETING_VERSION = 1.0;
				PRODUCT_BUNDLE_IDENTIFIER = "glider.ninja.Winch-Launch-UITests";
				PRODUCT_NAME = "$(TARGET_NAME)";
				SWIFT_ACTIVE_COMPILATION_CONDITIONS = "DEBUG $(inherited)";
				SWIFT_EMIT_LOC_STRINGS = NO;
				SWIFT_VERSION = 5.0;
				TARGETED_DEVICE_FAMILY = "1,2";
				TEST_TARGET_NAME = "Winch Launch";
			};
			name = Debug;
		};
		8A52B85A2ABC4A1D004C77D4 /* Release */ = {
			isa = XCBuildConfiguration;
			buildSettings = {
				ASSETCATALOG_COMPILER_GENERATE_SWIFT_ASSET_SYMBOL_EXTENSIONS = YES;
				CLANG_CXX_LANGUAGE_STANDARD = "gnu++20";
				CODE_SIGN_STYLE = Automatic;
				CURRENT_PROJECT_VERSION = 7;
				DEVELOPMENT_TEAM = XBC8ZV2BGE;
				GCC_C_LANGUAGE_STANDARD = gnu17;
				GENERATE_INFOPLIST_FILE = YES;
				IPHONEOS_DEPLOYMENT_TARGET = 17.0;
				LOCALIZATION_PREFERS_STRING_CATALOGS = YES;
				MARKETING_VERSION = 1.0;
				PRODUCT_BUNDLE_IDENTIFIER = "glider.ninja.Winch-Launch-UITests";
				PRODUCT_NAME = "$(TARGET_NAME)";
				SWIFT_EMIT_LOC_STRINGS = NO;
				SWIFT_VERSION = 5.0;
				TARGETED_DEVICE_FAMILY = "1,2";
				TEST_TARGET_NAME = "Winch Launch";
			};
			name = Release;
		};
		8AFE554825A75D6C00EC5329 /* Debug */ = {
			isa = XCBuildConfiguration;
			buildSettings = {
				ALWAYS_SEARCH_USER_PATHS = NO;
				CLANG_ANALYZER_NONNULL = YES;
				CLANG_ANALYZER_NUMBER_OBJECT_CONVERSION = YES_AGGRESSIVE;
				CLANG_CXX_LANGUAGE_STANDARD = "gnu++14";
				CLANG_CXX_LIBRARY = "libc++";
				CLANG_ENABLE_MODULES = YES;
				CLANG_ENABLE_OBJC_ARC = YES;
				CLANG_ENABLE_OBJC_WEAK = YES;
				CLANG_WARN_BLOCK_CAPTURE_AUTORELEASING = YES;
				CLANG_WARN_BOOL_CONVERSION = YES;
				CLANG_WARN_COMMA = YES;
				CLANG_WARN_CONSTANT_CONVERSION = YES;
				CLANG_WARN_DEPRECATED_OBJC_IMPLEMENTATIONS = YES;
				CLANG_WARN_DIRECT_OBJC_ISA_USAGE = YES_ERROR;
				CLANG_WARN_DOCUMENTATION_COMMENTS = YES;
				CLANG_WARN_EMPTY_BODY = YES;
				CLANG_WARN_ENUM_CONVERSION = YES;
				CLANG_WARN_INFINITE_RECURSION = YES;
				CLANG_WARN_INT_CONVERSION = YES;
				CLANG_WARN_NON_LITERAL_NULL_CONVERSION = YES;
				CLANG_WARN_OBJC_IMPLICIT_RETAIN_SELF = YES;
				CLANG_WARN_OBJC_LITERAL_CONVERSION = YES;
				CLANG_WARN_OBJC_ROOT_CLASS = YES_ERROR;
				CLANG_WARN_QUOTED_INCLUDE_IN_FRAMEWORK_HEADER = YES;
				CLANG_WARN_RANGE_LOOP_ANALYSIS = YES;
				CLANG_WARN_STRICT_PROTOTYPES = YES;
				CLANG_WARN_SUSPICIOUS_MOVE = YES;
				CLANG_WARN_UNGUARDED_AVAILABILITY = YES_AGGRESSIVE;
				CLANG_WARN_UNREACHABLE_CODE = YES;
				CLANG_WARN__DUPLICATE_METHOD_MATCH = YES;
				COPY_PHASE_STRIP = NO;
				DEBUG_INFORMATION_FORMAT = dwarf;
				ENABLE_STRICT_OBJC_MSGSEND = YES;
				ENABLE_TESTABILITY = YES;
				ENABLE_USER_SCRIPT_SANDBOXING = YES;
				GCC_C_LANGUAGE_STANDARD = gnu11;
				GCC_DYNAMIC_NO_PIC = NO;
				GCC_NO_COMMON_BLOCKS = YES;
				GCC_OPTIMIZATION_LEVEL = 0;
				GCC_PREPROCESSOR_DEFINITIONS = (
					"DEBUG=1",
					"$(inherited)",
				);
				GCC_WARN_64_TO_32_BIT_CONVERSION = YES;
				GCC_WARN_ABOUT_RETURN_TYPE = YES_ERROR;
				GCC_WARN_UNDECLARED_SELECTOR = YES;
				GCC_WARN_UNINITIALIZED_AUTOS = YES_AGGRESSIVE;
				GCC_WARN_UNUSED_FUNCTION = YES;
				GCC_WARN_UNUSED_VARIABLE = YES;
				IPHONEOS_DEPLOYMENT_TARGET = 16.0;
				MTL_ENABLE_DEBUG_INFO = INCLUDE_SOURCE;
				MTL_FAST_MATH = YES;
				ONLY_ACTIVE_ARCH = YES;
				SDKROOT = iphoneos;
				SWIFT_ACTIVE_COMPILATION_CONDITIONS = DEBUG;
				SWIFT_OPTIMIZATION_LEVEL = "-Onone";
			};
			name = Debug;
		};
		8AFE554925A75D6C00EC5329 /* Release */ = {
			isa = XCBuildConfiguration;
			buildSettings = {
				ALWAYS_SEARCH_USER_PATHS = NO;
				CLANG_ANALYZER_NONNULL = YES;
				CLANG_ANALYZER_NUMBER_OBJECT_CONVERSION = YES_AGGRESSIVE;
				CLANG_CXX_LANGUAGE_STANDARD = "gnu++14";
				CLANG_CXX_LIBRARY = "libc++";
				CLANG_ENABLE_MODULES = YES;
				CLANG_ENABLE_OBJC_ARC = YES;
				CLANG_ENABLE_OBJC_WEAK = YES;
				CLANG_WARN_BLOCK_CAPTURE_AUTORELEASING = YES;
				CLANG_WARN_BOOL_CONVERSION = YES;
				CLANG_WARN_COMMA = YES;
				CLANG_WARN_CONSTANT_CONVERSION = YES;
				CLANG_WARN_DEPRECATED_OBJC_IMPLEMENTATIONS = YES;
				CLANG_WARN_DIRECT_OBJC_ISA_USAGE = YES_ERROR;
				CLANG_WARN_DOCUMENTATION_COMMENTS = YES;
				CLANG_WARN_EMPTY_BODY = YES;
				CLANG_WARN_ENUM_CONVERSION = YES;
				CLANG_WARN_INFINITE_RECURSION = YES;
				CLANG_WARN_INT_CONVERSION = YES;
				CLANG_WARN_NON_LITERAL_NULL_CONVERSION = YES;
				CLANG_WARN_OBJC_IMPLICIT_RETAIN_SELF = YES;
				CLANG_WARN_OBJC_LITERAL_CONVERSION = YES;
				CLANG_WARN_OBJC_ROOT_CLASS = YES_ERROR;
				CLANG_WARN_QUOTED_INCLUDE_IN_FRAMEWORK_HEADER = YES;
				CLANG_WARN_RANGE_LOOP_ANALYSIS = YES;
				CLANG_WARN_STRICT_PROTOTYPES = YES;
				CLANG_WARN_SUSPICIOUS_MOVE = YES;
				CLANG_WARN_UNGUARDED_AVAILABILITY = YES_AGGRESSIVE;
				CLANG_WARN_UNREACHABLE_CODE = YES;
				CLANG_WARN__DUPLICATE_METHOD_MATCH = YES;
				COPY_PHASE_STRIP = NO;
				DEBUG_INFORMATION_FORMAT = "dwarf-with-dsym";
				ENABLE_NS_ASSERTIONS = NO;
				ENABLE_STRICT_OBJC_MSGSEND = YES;
				ENABLE_USER_SCRIPT_SANDBOXING = YES;
				GCC_C_LANGUAGE_STANDARD = gnu11;
				GCC_NO_COMMON_BLOCKS = YES;
				GCC_WARN_64_TO_32_BIT_CONVERSION = YES;
				GCC_WARN_ABOUT_RETURN_TYPE = YES_ERROR;
				GCC_WARN_UNDECLARED_SELECTOR = YES;
				GCC_WARN_UNINITIALIZED_AUTOS = YES_AGGRESSIVE;
				GCC_WARN_UNUSED_FUNCTION = YES;
				GCC_WARN_UNUSED_VARIABLE = YES;
				IPHONEOS_DEPLOYMENT_TARGET = 16.0;
				MTL_ENABLE_DEBUG_INFO = NO;
				MTL_FAST_MATH = YES;
				SDKROOT = iphoneos;
				SWIFT_COMPILATION_MODE = wholemodule;
				SWIFT_OPTIMIZATION_LEVEL = "-O";
				VALIDATE_PRODUCT = YES;
			};
			name = Release;
		};
		8AFE554B25A75D6C00EC5329 /* Debug */ = {
			isa = XCBuildConfiguration;
			buildSettings = {
				ASSETCATALOG_COMPILER_APPICON_NAME = AppIcon;
				ASSETCATALOG_COMPILER_GLOBAL_ACCENT_COLOR_NAME = AccentColor;
				CODE_SIGN_IDENTITY = "Apple Development";
				CODE_SIGN_STYLE = Automatic;
				CURRENT_PROJECT_VERSION = 7;
				DEVELOPMENT_ASSET_PATHS = "\"AHIS/Preview Content\"";
				DEVELOPMENT_TEAM = XBC8ZV2BGE;
				ENABLE_PREVIEWS = YES;
				INFOPLIST_FILE = AHIS/Info.plist;
				INFOPLIST_KEY_CFBundleDisplayName = "Winch Pilot";
				INFOPLIST_KEY_LSApplicationCategoryType = "public.app-category.utilities";
				IPHONEOS_DEPLOYMENT_TARGET = 16.0;
				LD_RUNPATH_SEARCH_PATHS = (
					"$(inherited)",
					"@executable_path/Frameworks",
				);
				MARKETING_VERSION = 0.1;
				PRODUCT_BUNDLE_IDENTIFIER = glider.ninja.winch.launch;
				PRODUCT_NAME = "$(TARGET_NAME)";
				PROVISIONING_PROFILE_SPECIFIER = "";
				SUPPORTED_PLATFORMS = "iphoneos iphonesimulator";
				SUPPORTS_MACCATALYST = NO;
				SUPPORTS_MAC_DESIGNED_FOR_IPHONE_IPAD = NO;
				SUPPORTS_XR_DESIGNED_FOR_IPHONE_IPAD = NO;
				SWIFT_VERSION = 5.0;
				TARGETED_DEVICE_FAMILY = "1,2";
				VERSIONING_SYSTEM = "apple-generic";
			};
			name = Debug;
		};
		8AFE554C25A75D6C00EC5329 /* Release */ = {
			isa = XCBuildConfiguration;
			buildSettings = {
				ASSETCATALOG_COMPILER_APPICON_NAME = AppIcon;
				ASSETCATALOG_COMPILER_GLOBAL_ACCENT_COLOR_NAME = AccentColor;
				CODE_SIGN_IDENTITY = "Apple Development";
				CODE_SIGN_STYLE = Automatic;
				CURRENT_PROJECT_VERSION = 7;
				DEVELOPMENT_ASSET_PATHS = "\"AHIS/Preview Content\"";
				DEVELOPMENT_TEAM = XBC8ZV2BGE;
				ENABLE_PREVIEWS = YES;
				INFOPLIST_FILE = AHIS/Info.plist;
				INFOPLIST_KEY_CFBundleDisplayName = "Winch Pilot";
				INFOPLIST_KEY_LSApplicationCategoryType = "public.app-category.utilities";
				IPHONEOS_DEPLOYMENT_TARGET = 16.0;
				LD_RUNPATH_SEARCH_PATHS = (
					"$(inherited)",
					"@executable_path/Frameworks",
				);
				MARKETING_VERSION = 0.1;
				PRODUCT_BUNDLE_IDENTIFIER = glider.ninja.winch.launch;
				PRODUCT_NAME = "$(TARGET_NAME)";
				PROVISIONING_PROFILE_SPECIFIER = "";
				SUPPORTED_PLATFORMS = "iphoneos iphonesimulator";
				SUPPORTS_MACCATALYST = NO;
				SUPPORTS_MAC_DESIGNED_FOR_IPHONE_IPAD = NO;
				SUPPORTS_XR_DESIGNED_FOR_IPHONE_IPAD = NO;
				SWIFT_VERSION = 5.0;
				TARGETED_DEVICE_FAMILY = "1,2";
				VERSIONING_SYSTEM = "apple-generic";
			};
			name = Release;
		};
		C8E61204A6C05D5DB64EB88E /* Release */ = {
			isa = XCBuildConfiguration;
			buildSettings = {
				BUNDLE_LOADER = "$(TEST_HOST)";
				CLANG_ENABLE_OBJC_WEAK = NO;
				CODE_SIGN_STYLE = Automatic;
				DEVELOPMENT_TEAM = XBC8ZV2BGE;
				GENERATE_INFOPLIST_FILE = YES;
				INFOPLIST_FILE = "";
				IPHONEOS_DEPLOYMENT_TARGET = 17.0;
				PRODUCT_BUNDLE_IDENTIFIER = glider.ninja.winch.launch.tests;
				PRODUCT_MODULE_NAME = Winch_Launch_Tests;
				PRODUCT_NAME = "$(TARGET_NAME)";
				SDKROOT = iphoneos;
				SWIFT_VERSION = 5.0;
				TEST_HOST = "$(BUILT_PRODUCTS_DIR)/Winch Launch.app/$(BUNDLE_EXECUTABLE_FOLDER_PATH)/Winch Launch";
				VALIDATE_PRODUCT = YES;
			};
			name = Release;
		};
		E0909272C4B57D7D7024D87A /* Debug */ = {
			isa = XCBuildConfiguration;
			buildSettings = {
				BUNDLE_LOADER = "$(TEST_HOST)";
				CLANG_ENABLE_OBJC_WEAK = NO;
				CODE_SIGN_STYLE = Automatic;
				DEVELOPMENT_TEAM = XBC8ZV2BGE;
				GENERATE_INFOPLIST_FILE = YES;
				INFOPLIST_FILE = "";
				IPHONEOS_DEPLOYMENT_TARGET = 17.0;
				PRODUCT_BUNDLE_IDENTIFIER = glider.ninja.winch.launch.tests;
				PRODUCT_MODULE_NAME = Winch_Launch_Tests;
				PRODUCT_NAME = "$(TARGET_NAME)";
				SDKROOT = iphoneos;
				SWIFT_VERSION = 5.0;
				TEST_HOST = "$(BUILT_PRODUCTS_DIR)/Winch Launch.app/$(BUNDLE_EXECUTABLE_FOLDER_PATH)/Winch Launch";
			};
			name = Debug;
		};
/* End XCBuildConfiguration section */

/* Begin XCConfigurationList section */
		2393090BD396BBCED8B2C4B8 /* Build configuration list for PBXNativeTarget "Winch Launch Tests" */ = {
			isa = XCConfigurationList;
			buildConfigurations = (
				C8E61204A6C05D5DB64EB88E /* Release */,
				E0909272C4B57D7D7024D87A /* Debug */,
			);
			defaultConfigurationIsVisible = 0;
			defaultConfigurationName = Release;
		};
		8A52B8582ABC4A1D004C77D4 /* Build configuration list for PBXNativeTarget "Winch Launch UITests" */ = {
			isa = XCConfigurationList;
			buildConfigurations = (
				8A52B8592ABC4A1D004C77D4 /* Debug */,
				8A52B85A2ABC4A1D004C77D4 /* Release */,
			);
			defaultConfigurationIsVisible = 0;
			defaultConfigurationName = Release;
		};
		8AFE553625A75D6C00EC5329 /* Build configuration list for PBXProject "AHIS" */ = {
			isa = XCConfigurationList;
			buildConfigurations = (
				8AFE554825A75D6C00EC5329 /* Debug */,
				8AFE554925A75D6C00EC5329 /* Release */,
			);
			defaultConfigurationIsVisible = 0;
			defaultConfigurationName = Release;
		};
		8AFE554A25A75D6C00EC5329 /* Build configuration list for PBXNativeTarget "Winch Launch" */ = {
			isa = XCConfigurationList;
			buildConfigurations = (
				8AFE554B25A75D6C00EC5329 /* Debug */,
				8AFE554C25A75D6C00EC5329 /* Release */,
			);
			defaultConfigurationIsVisible = 0;
			defaultConfigurationName = Release;
		};
/* End XCConfigurationList section */
	};
	rootObject = 8AFE553325A75D6C00EC5329 /* Project object */;
}
